// !$*UTF8*$!
{
	archiveVersion = 1;
	classes = {
	};
	objectVersion = 56;
	objects = {

/* Begin PBXBuildFile section */
		5C3024F42CE6F0D600DB4D9D /* Assignment_4_suhryanApp.swift in Sources */ = {isa = PBXBuildFile; fileRef = 5C3024F32CE6F0D600DB4D9D /* Assignment_4_suhryanApp.swift */; };
		5C3024F62CE6F0D600DB4D9D /* ContentView.swift in Sources */ = {isa = PBXBuildFile; fileRef = 5C3024F52CE6F0D600DB4D9D /* ContentView.swift */; };
		5C3024F82CE6F0E400DB4D9D /* Assets.xcassets in Resources */ = {isa = PBXBuildFile; fileRef = 5C3024F72CE6F0E400DB4D9D /* Assets.xcassets */; };
		5C3024FB2CE6F0E400DB4D9D /* Preview Assets.xcassets in Resources */ = {isa = PBXBuildFile; fileRef = 5C3024FA2CE6F0E400DB4D9D /* Preview Assets.xcassets */; };
		5C3025022CE6F2B000DB4D9D /* GoogleService-Info.plist in Resources */ = {isa = PBXBuildFile; fileRef = 5C3025012CE6F2B000DB4D9D /* GoogleService-Info.plist */; };
		5C3025052CE6F6F800DB4D9D /* FirebaseAnalytics in Frameworks */ = {isa = PBXBuildFile; productRef = 5C3025042CE6F6F800DB4D9D /* FirebaseAnalytics */; };
		5C3025072CE6F6F800DB4D9D /* FirebaseCore in Frameworks */ = {isa = PBXBuildFile; productRef = 5C3025062CE6F6F800DB4D9D /* FirebaseCore */; };
		5C3025092CE6F6F800DB4D9D /* FirebaseFirestore in Frameworks */ = {isa = PBXBuildFile; productRef = 5C3025082CE6F6F800DB4D9D /* FirebaseFirestore */; };
		5CB2AD052CE6FE4900923711 /* FirebaseAnalytics in Frameworks */ = {isa = PBXBuildFile; productRef = 5CB2AD042CE6FE4900923711 /* FirebaseAnalytics */; };
		5CB2AD072CE6FE4900923711 /* FirebaseAnalyticsOnDeviceConversion in Frameworks */ = {isa = PBXBuildFile; productRef = 5CB2AD062CE6FE4900923711 /* FirebaseAnalyticsOnDeviceConversion */; };
		5CB2AD092CE6FE4900923711 /* FirebaseAnalyticsWithoutAdIdSupport in Frameworks */ = {isa = PBXBuildFile; productRef = 5CB2AD082CE6FE4900923711 /* FirebaseAnalyticsWithoutAdIdSupport */; };
		5CB2AD0B2CE6FE4900923711 /* FirebaseAppCheck in Frameworks */ = {isa = PBXBuildFile; productRef = 5CB2AD0A2CE6FE4900923711 /* FirebaseAppCheck */; };
		5CB2AD0D2CE6FE4900923711 /* FirebaseAppDistribution-Beta in Frameworks */ = {isa = PBXBuildFile; productRef = 5CB2AD0C2CE6FE4900923711 /* FirebaseAppDistribution-Beta */; };
		5CB2AD0F2CE6FE4900923711 /* FirebaseAuth in Frameworks */ = {isa = PBXBuildFile; productRef = 5CB2AD0E2CE6FE4900923711 /* FirebaseAuth */; };
		5CB2AD112CE6FE4900923711 /* FirebaseAuthCombine-Community in Frameworks */ = {isa = PBXBuildFile; productRef = 5CB2AD102CE6FE4900923711 /* FirebaseAuthCombine-Community */; };
		5CB2AD132CE6FE4900923711 /* FirebaseCore in Frameworks */ = {isa = PBXBuildFile; productRef = 5CB2AD122CE6FE4900923711 /* FirebaseCore */; };
		5CB2AD152CE6FE4900923711 /* FirebaseCrashlytics in Frameworks */ = {isa = PBXBuildFile; productRef = 5CB2AD142CE6FE4900923711 /* FirebaseCrashlytics */; };
		5CB2AD172CE6FE4900923711 /* FirebaseDatabase in Frameworks */ = {isa = PBXBuildFile; productRef = 5CB2AD162CE6FE4900923711 /* FirebaseDatabase */; };
		5CB2AD192CE6FE4900923711 /* FirebaseDynamicLinks in Frameworks */ = {isa = PBXBuildFile; productRef = 5CB2AD182CE6FE4900923711 /* FirebaseDynamicLinks */; };
		5CB2AD1B2CE6FE4900923711 /* FirebaseFirestore in Frameworks */ = {isa = PBXBuildFile; productRef = 5CB2AD1A2CE6FE4900923711 /* FirebaseFirestore */; };
		5CB2AD1D2CE6FE4900923711 /* FirebaseFirestoreCombine-Community in Frameworks */ = {isa = PBXBuildFile; productRef = 5CB2AD1C2CE6FE4900923711 /* FirebaseFirestoreCombine-Community */; };
		5CB2AD1F2CE6FE4900923711 /* FirebaseFunctions in Frameworks */ = {isa = PBXBuildFile; productRef = 5CB2AD1E2CE6FE4900923711 /* FirebaseFunctions */; };
		5CB2AD212CE6FE4900923711 /* FirebaseFunctionsCombine-Community in Frameworks */ = {isa = PBXBuildFile; productRef = 5CB2AD202CE6FE4900923711 /* FirebaseFunctionsCombine-Community */; };
		5CB2AD232CE6FE4900923711 /* FirebaseInAppMessaging-Beta in Frameworks */ = {isa = PBXBuildFile; productRef = 5CB2AD222CE6FE4900923711 /* FirebaseInAppMessaging-Beta */; };
		5CB2AD252CE6FE4900923711 /* FirebaseInstallations in Frameworks */ = {isa = PBXBuildFile; productRef = 5CB2AD242CE6FE4900923711 /* FirebaseInstallations */; };
		5CB2AD272CE6FE4900923711 /* FirebaseMLModelDownloader in Frameworks */ = {isa = PBXBuildFile; productRef = 5CB2AD262CE6FE4900923711 /* FirebaseMLModelDownloader */; };
		5CB2AD292CE6FE4900923711 /* FirebaseMessaging in Frameworks */ = {isa = PBXBuildFile; productRef = 5CB2AD282CE6FE4900923711 /* FirebaseMessaging */; };
		5CB2AD2B2CE7006D00923711 /* FirebaseAnalytics in Frameworks */ = {isa = PBXBuildFile; productRef = 5CB2AD2A2CE7006D00923711 /* FirebaseAnalytics */; };
		5CB2AD2D2CE7006D00923711 /* FirebaseAnalyticsOnDeviceConversion in Frameworks */ = {isa = PBXBuildFile; productRef = 5CB2AD2C2CE7006D00923711 /* FirebaseAnalyticsOnDeviceConversion */; };
		5CB2AD2F2CE7006D00923711 /* FirebaseAnalyticsWithoutAdIdSupport in Frameworks */ = {isa = PBXBuildFile; productRef = 5CB2AD2E2CE7006D00923711 /* FirebaseAnalyticsWithoutAdIdSupport */; };
		5CB2AD312CE7006D00923711 /* FirebaseAppCheck in Frameworks */ = {isa = PBXBuildFile; productRef = 5CB2AD302CE7006D00923711 /* FirebaseAppCheck */; };
		5CB2AD332CE7006D00923711 /* FirebaseAppDistribution-Beta in Frameworks */ = {isa = PBXBuildFile; productRef = 5CB2AD322CE7006D00923711 /* FirebaseAppDistribution-Beta */; };
		5CB2AD352CE703B400923711 /* AuthViewModel.swift in Sources */ = {isa = PBXBuildFile; fileRef = 5CB2AD342CE703B400923711 /* AuthViewModel.swift */; };
		5CB2AD372CE7088300923711 /* LoginView.swift in Sources */ = {isa = PBXBuildFile; fileRef = 5CB2AD362CE7088300923711 /* LoginView.swift */; };
		5CB2AD392CE70C6A00923711 /* HomeView.swift in Sources */ = {isa = PBXBuildFile; fileRef = 5CB2AD382CE70C6A00923711 /* HomeView.swift */; };
/* End PBXBuildFile section */

/* Begin PBXFileReference section */
		5C3024F02CE6F0D600DB4D9D /* Assignment-4-suhryan.app */ = {isa = PBXFileReference; explicitFileType = wrapper.application; includeInIndex = 0; path = "Assignment-4-suhryan.app"; sourceTree = BUILT_PRODUCTS_DIR; };
		5C3024F32CE6F0D600DB4D9D /* Assignment_4_suhryanApp.swift */ = {isa = PBXFileReference; lastKnownFileType = sourcecode.swift; path = Assignment_4_suhryanApp.swift; sourceTree = "<group>"; };
		5C3024F52CE6F0D600DB4D9D /* ContentView.swift */ = {isa = PBXFileReference; lastKnownFileType = sourcecode.swift; path = ContentView.swift; sourceTree = "<group>"; };
		5C3024F72CE6F0E400DB4D9D /* Assets.xcassets */ = {isa = PBXFileReference; lastKnownFileType = folder.assetcatalog; path = Assets.xcassets; sourceTree = "<group>"; };
		5C3024FA2CE6F0E400DB4D9D /* Preview Assets.xcassets */ = {isa = PBXFileReference; lastKnownFileType = folder.assetcatalog; path = "Preview Assets.xcassets"; sourceTree = "<group>"; };
		5C3025012CE6F2B000DB4D9D /* GoogleService-Info.plist */ = {isa = PBXFileReference; fileEncoding = 4; lastKnownFileType = text.plist.xml; path = "GoogleService-Info.plist"; sourceTree = "<group>"; };
		5CB2AD342CE703B400923711 /* AuthViewModel.swift */ = {isa = PBXFileReference; lastKnownFileType = sourcecode.swift; path = AuthViewModel.swift; sourceTree = "<group>"; };
		5CB2AD362CE7088300923711 /* LoginView.swift */ = {isa = PBXFileReference; lastKnownFileType = sourcecode.swift; path = LoginView.swift; sourceTree = "<group>"; };
		5CB2AD382CE70C6A00923711 /* HomeView.swift */ = {isa = PBXFileReference; lastKnownFileType = sourcecode.swift; path = HomeView.swift; sourceTree = "<group>"; };
/* End PBXFileReference section */

/* Begin PBXFrameworksBuildPhase section */
		5C3024ED2CE6F0D600DB4D9D /* Frameworks */ = {
			isa = PBXFrameworksBuildPhase;
			buildActionMask = 2147483647;
			files = (
				5CB2AD1F2CE6FE4900923711 /* FirebaseFunctions in Frameworks */,
				5CB2AD172CE6FE4900923711 /* FirebaseDatabase in Frameworks */,
				5C3025072CE6F6F800DB4D9D /* FirebaseCore in Frameworks */,
				5CB2AD092CE6FE4900923711 /* FirebaseAnalyticsWithoutAdIdSupport in Frameworks */,
				5CB2AD132CE6FE4900923711 /* FirebaseCore in Frameworks */,
				5C3025052CE6F6F800DB4D9D /* FirebaseAnalytics in Frameworks */,
				5CB2AD272CE6FE4900923711 /* FirebaseMLModelDownloader in Frameworks */,
				5CB2AD2D2CE7006D00923711 /* FirebaseAnalyticsOnDeviceConversion in Frameworks */,
				5CB2AD332CE7006D00923711 /* FirebaseAppDistribution-Beta in Frameworks */,
				5CB2AD192CE6FE4900923711 /* FirebaseDynamicLinks in Frameworks */,
				5CB2AD072CE6FE4900923711 /* FirebaseAnalyticsOnDeviceConversion in Frameworks */,
				5CB2AD0F2CE6FE4900923711 /* FirebaseAuth in Frameworks */,
				5CB2AD1B2CE6FE4900923711 /* FirebaseFirestore in Frameworks */,
				5CB2AD2B2CE7006D00923711 /* FirebaseAnalytics in Frameworks */,
				5CB2AD1D2CE6FE4900923711 /* FirebaseFirestoreCombine-Community in Frameworks */,
				5CB2AD312CE7006D00923711 /* FirebaseAppCheck in Frameworks */,
				5CB2AD232CE6FE4900923711 /* FirebaseInAppMessaging-Beta in Frameworks */,
				5CB2AD212CE6FE4900923711 /* FirebaseFunctionsCombine-Community in Frameworks */,
				5CB2AD0B2CE6FE4900923711 /* FirebaseAppCheck in Frameworks */,
				5CB2AD052CE6FE4900923711 /* FirebaseAnalytics in Frameworks */,
				5C3025092CE6F6F800DB4D9D /* FirebaseFirestore in Frameworks */,
				5CB2AD152CE6FE4900923711 /* FirebaseCrashlytics in Frameworks */,
				5CB2AD0D2CE6FE4900923711 /* FirebaseAppDistribution-Beta in Frameworks */,
				5CB2AD2F2CE7006D00923711 /* FirebaseAnalyticsWithoutAdIdSupport in Frameworks */,
				5CB2AD112CE6FE4900923711 /* FirebaseAuthCombine-Community in Frameworks */,
				5CB2AD292CE6FE4900923711 /* FirebaseMessaging in Frameworks */,
				5CB2AD252CE6FE4900923711 /* FirebaseInstallations in Frameworks */,
			);
			runOnlyForDeploymentPostprocessing = 0;
		};
/* End PBXFrameworksBuildPhase section */

/* Begin PBXGroup section */
		5C3024E72CE6F0D600DB4D9D = {
			isa = PBXGroup;
			children = (
				5C3024F22CE6F0D600DB4D9D /* Assignment-4-suhryan */,
				5C3024F12CE6F0D600DB4D9D /* Products */,
			);
			sourceTree = "<group>";
		};
		5C3024F12CE6F0D600DB4D9D /* Products */ = {
			isa = PBXGroup;
			children = (
				5C3024F02CE6F0D600DB4D9D /* Assignment-4-suhryan.app */,
			);
			name = Products;
			sourceTree = "<group>";
		};
		5C3024F22CE6F0D600DB4D9D /* Assignment-4-suhryan */ = {
			isa = PBXGroup;
			children = (
				5C3025012CE6F2B000DB4D9D /* GoogleService-Info.plist */,
				5C3024F32CE6F0D600DB4D9D /* Assignment_4_suhryanApp.swift */,
				5CB2AD342CE703B400923711 /* AuthViewModel.swift */,
				5C3024F52CE6F0D600DB4D9D /* ContentView.swift */,
				5CB2AD362CE7088300923711 /* LoginView.swift */,
				5CB2AD382CE70C6A00923711 /* HomeView.swift */,
				5C3024F72CE6F0E400DB4D9D /* Assets.xcassets */,
				5C3024F92CE6F0E400DB4D9D /* Preview Content */,
			);
			path = "Assignment-4-suhryan";
			sourceTree = "<group>";
		};
		5C3024F92CE6F0E400DB4D9D /* Preview Content */ = {
			isa = PBXGroup;
			children = (
				5C3024FA2CE6F0E400DB4D9D /* Preview Assets.xcassets */,
			);
			path = "Preview Content";
			sourceTree = "<group>";
		};
/* End PBXGroup section */

/* Begin PBXNativeTarget section */
		5C3024EF2CE6F0D600DB4D9D /* Assignment-4-suhryan */ = {
			isa = PBXNativeTarget;
			buildConfigurationList = 5C3024FE2CE6F0E400DB4D9D /* Build configuration list for PBXNativeTarget "Assignment-4-suhryan" */;
			buildPhases = (
				5C3024EC2CE6F0D600DB4D9D /* Sources */,
				5C3024ED2CE6F0D600DB4D9D /* Frameworks */,
				5C3024EE2CE6F0D600DB4D9D /* Resources */,
			);
			buildRules = (
			);
			dependencies = (
			);
			name = "Assignment-4-suhryan";
			packageProductDependencies = (
				5C3025042CE6F6F800DB4D9D /* FirebaseAnalytics */,
				5C3025062CE6F6F800DB4D9D /* FirebaseCore */,
				5C3025082CE6F6F800DB4D9D /* FirebaseFirestore */,
				5CB2AD042CE6FE4900923711 /* FirebaseAnalytics */,
				5CB2AD062CE6FE4900923711 /* FirebaseAnalyticsOnDeviceConversion */,
				5CB2AD082CE6FE4900923711 /* FirebaseAnalyticsWithoutAdIdSupport */,
				5CB2AD0A2CE6FE4900923711 /* FirebaseAppCheck */,
				5CB2AD0C2CE6FE4900923711 /* FirebaseAppDistribution-Beta */,
				5CB2AD0E2CE6FE4900923711 /* FirebaseAuth */,
				5CB2AD102CE6FE4900923711 /* FirebaseAuthCombine-Community */,
				5CB2AD122CE6FE4900923711 /* FirebaseCore */,
				5CB2AD142CE6FE4900923711 /* FirebaseCrashlytics */,
				5CB2AD162CE6FE4900923711 /* FirebaseDatabase */,
				5CB2AD182CE6FE4900923711 /* FirebaseDynamicLinks */,
				5CB2AD1A2CE6FE4900923711 /* FirebaseFirestore */,
				5CB2AD1C2CE6FE4900923711 /* FirebaseFirestoreCombine-Community */,
				5CB2AD1E2CE6FE4900923711 /* FirebaseFunctions */,
				5CB2AD202CE6FE4900923711 /* FirebaseFunctionsCombine-Community */,
				5CB2AD222CE6FE4900923711 /* FirebaseInAppMessaging-Beta */,
				5CB2AD242CE6FE4900923711 /* FirebaseInstallations */,
				5CB2AD262CE6FE4900923711 /* FirebaseMLModelDownloader */,
				5CB2AD282CE6FE4900923711 /* FirebaseMessaging */,
				5CB2AD2A2CE7006D00923711 /* FirebaseAnalytics */,
				5CB2AD2C2CE7006D00923711 /* FirebaseAnalyticsOnDeviceConversion */,
				5CB2AD2E2CE7006D00923711 /* FirebaseAnalyticsWithoutAdIdSupport */,
				5CB2AD302CE7006D00923711 /* FirebaseAppCheck */,
				5CB2AD322CE7006D00923711 /* FirebaseAppDistribution-Beta */,
			);
			productName = "Assignment-4-suhryan";
			productReference = 5C3024F02CE6F0D600DB4D9D /* Assignment-4-suhryan.app */;
			productType = "com.apple.product-type.application";
		};
/* End PBXNativeTarget section */

/* Begin PBXProject section */
		5C3024E82CE6F0D600DB4D9D /* Project object */ = {
			isa = PBXProject;
			attributes = {
				BuildIndependentTargetsInParallel = 1;
				LastSwiftUpdateCheck = 1520;
				LastUpgradeCheck = 1520;
				TargetAttributes = {
					5C3024EF2CE6F0D600DB4D9D = {
						CreatedOnToolsVersion = 15.2;
					};
				};
			};
			buildConfigurationList = 5C3024EB2CE6F0D600DB4D9D /* Build configuration list for PBXProject "Assignment-4-suhryan" */;
			compatibilityVersion = "Xcode 14.0";
			developmentRegion = en;
			hasScannedForEncodings = 0;
			knownRegions = (
				en,
				Base,
			);
			mainGroup = 5C3024E72CE6F0D600DB4D9D;
			packageReferences = (
				5C3025032CE6F6F800DB4D9D /* XCRemoteSwiftPackageReference "firebase-ios-sdk" */,
			);
			productRefGroup = 5C3024F12CE6F0D600DB4D9D /* Products */;
			projectDirPath = "";
			projectRoot = "";
			targets = (
				5C3024EF2CE6F0D600DB4D9D /* Assignment-4-suhryan */,
			);
		};
/* End PBXProject section */

/* Begin PBXResourcesBuildPhase section */
		5C3024EE2CE6F0D600DB4D9D /* Resources */ = {
			isa = PBXResourcesBuildPhase;
			buildActionMask = 2147483647;
			files = (
				5C3024FB2CE6F0E400DB4D9D /* Preview Assets.xcassets in Resources */,
				5C3024F82CE6F0E400DB4D9D /* Assets.xcassets in Resources */,
				5C3025022CE6F2B000DB4D9D /* GoogleService-Info.plist in Resources */,
			);
			runOnlyForDeploymentPostprocessing = 0;
		};
/* End PBXResourcesBuildPhase section */

/* Begin PBXSourcesBuildPhase section */
		5C3024EC2CE6F0D600DB4D9D /* Sources */ = {
			isa = PBXSourcesBuildPhase;
			buildActionMask = 2147483647;
			files = (
				5C3024F62CE6F0D600DB4D9D /* ContentView.swift in Sources */,
				5C3024F42CE6F0D600DB4D9D /* Assignment_4_suhryanApp.swift in Sources */,
				5CB2AD372CE7088300923711 /* LoginView.swift in Sources */,
				5CB2AD392CE70C6A00923711 /* HomeView.swift in Sources */,
				5CB2AD352CE703B400923711 /* AuthViewModel.swift in Sources */,
			);
			runOnlyForDeploymentPostprocessing = 0;
		};
/* End PBXSourcesBuildPhase section */

/* Begin XCBuildConfiguration section */
		5C3024FC2CE6F0E400DB4D9D /* Debug */ = {
			isa = XCBuildConfiguration;
			buildSettings = {
				ALWAYS_SEARCH_USER_PATHS = NO;
				ASSETCATALOG_COMPILER_GENERATE_SWIFT_ASSET_SYMBOL_EXTENSIONS = YES;
				CLANG_ANALYZER_NONNULL = YES;
				CLANG_ANALYZER_NUMBER_OBJECT_CONVERSION = YES_AGGRESSIVE;
				CLANG_CXX_LANGUAGE_STANDARD = "gnu++20";
				CLANG_ENABLE_MODULES = YES;
				CLANG_ENABLE_OBJC_ARC = YES;
				CLANG_ENABLE_OBJC_WEAK = YES;
				CLANG_WARN_BLOCK_CAPTURE_AUTORELEASING = YES;
				CLANG_WARN_BOOL_CONVERSION = YES;
				CLANG_WARN_COMMA = YES;
				CLANG_WARN_CONSTANT_CONVERSION = YES;
				CLANG_WARN_DEPRECATED_OBJC_IMPLEMENTATIONS = YES;
				CLANG_WARN_DIRECT_OBJC_ISA_USAGE = YES_ERROR;
				CLANG_WARN_DOCUMENTATION_COMMENTS = YES;
				CLANG_WARN_EMPTY_BODY = YES;
				CLANG_WARN_ENUM_CONVERSION = YES;
				CLANG_WARN_INFINITE_RECURSION = YES;
				CLANG_WARN_INT_CONVERSION = YES;
				CLANG_WARN_NON_LITERAL_NULL_CONVERSION = YES;
				CLANG_WARN_OBJC_IMPLICIT_RETAIN_SELF = YES;
				CLANG_WARN_OBJC_LITERAL_CONVERSION = YES;
				CLANG_WARN_OBJC_ROOT_CLASS = YES_ERROR;
				CLANG_WARN_QUOTED_INCLUDE_IN_FRAMEWORK_HEADER = YES;
				CLANG_WARN_RANGE_LOOP_ANALYSIS = YES;
				CLANG_WARN_STRICT_PROTOTYPES = YES;
				CLANG_WARN_SUSPICIOUS_MOVE = YES;
				CLANG_WARN_UNGUARDED_AVAILABILITY = YES_AGGRESSIVE;
				CLANG_WARN_UNREACHABLE_CODE = YES;
				CLANG_WARN__DUPLICATE_METHOD_MATCH = YES;
				COPY_PHASE_STRIP = NO;
				DEBUG_INFORMATION_FORMAT = dwarf;
				ENABLE_STRICT_OBJC_MSGSEND = YES;
				ENABLE_TESTABILITY = YES;
				ENABLE_USER_SCRIPT_SANDBOXING = YES;
				GCC_C_LANGUAGE_STANDARD = gnu17;
				GCC_DYNAMIC_NO_PIC = NO;
				GCC_NO_COMMON_BLOCKS = YES;
				GCC_OPTIMIZATION_LEVEL = 0;
				GCC_PREPROCESSOR_DEFINITIONS = (
					"DEBUG=1",
					"$(inherited)",
				);
				GCC_WARN_64_TO_32_BIT_CONVERSION = YES;
				GCC_WARN_ABOUT_RETURN_TYPE = YES_ERROR;
				GCC_WARN_UNDECLARED_SELECTOR = YES;
				GCC_WARN_UNINITIALIZED_AUTOS = YES_AGGRESSIVE;
				GCC_WARN_UNUSED_FUNCTION = YES;
				GCC_WARN_UNUSED_VARIABLE = YES;
				IPHONEOS_DEPLOYMENT_TARGET = 17.2;
				LOCALIZATION_PREFERS_STRING_CATALOGS = YES;
				MTL_ENABLE_DEBUG_INFO = INCLUDE_SOURCE;
				MTL_FAST_MATH = YES;
				ONLY_ACTIVE_ARCH = YES;
				SDKROOT = iphoneos;
				SWIFT_ACTIVE_COMPILATION_CONDITIONS = "DEBUG $(inherited)";
				SWIFT_OPTIMIZATION_LEVEL = "-Onone";
			};
			name = Debug;
		};
		5C3024FD2CE6F0E400DB4D9D /* Release */ = {
			isa = XCBuildConfiguration;
			buildSettings = {
				ALWAYS_SEARCH_USER_PATHS = NO;
				ASSETCATALOG_COMPILER_GENERATE_SWIFT_ASSET_SYMBOL_EXTENSIONS = YES;
				CLANG_ANALYZER_NONNULL = YES;
				CLANG_ANALYZER_NUMBER_OBJECT_CONVERSION = YES_AGGRESSIVE;
				CLANG_CXX_LANGUAGE_STANDARD = "gnu++20";
				CLANG_ENABLE_MODULES = YES;
				CLANG_ENABLE_OBJC_ARC = YES;
				CLANG_ENABLE_OBJC_WEAK = YES;
				CLANG_WARN_BLOCK_CAPTURE_AUTORELEASING = YES;
				CLANG_WARN_BOOL_CONVERSION = YES;
				CLANG_WARN_COMMA = YES;
				CLANG_WARN_CONSTANT_CONVERSION = YES;
				CLANG_WARN_DEPRECATED_OBJC_IMPLEMENTATIONS = YES;
				CLANG_WARN_DIRECT_OBJC_ISA_USAGE = YES_ERROR;
				CLANG_WARN_DOCUMENTATION_COMMENTS = YES;
				CLANG_WARN_EMPTY_BODY = YES;
				CLANG_WARN_ENUM_CONVERSION = YES;
				CLANG_WARN_INFINITE_RECURSION = YES;
				CLANG_WARN_INT_CONVERSION = YES;
				CLANG_WARN_NON_LITERAL_NULL_CONVERSION = YES;
				CLANG_WARN_OBJC_IMPLICIT_RETAIN_SELF = YES;
				CLANG_WARN_OBJC_LITERAL_CONVERSION = YES;
				CLANG_WARN_OBJC_ROOT_CLASS = YES_ERROR;
				CLANG_WARN_QUOTED_INCLUDE_IN_FRAMEWORK_HEADER = YES;
				CLANG_WARN_RANGE_LOOP_ANALYSIS = YES;
				CLANG_WARN_STRICT_PROTOTYPES = YES;
				CLANG_WARN_SUSPICIOUS_MOVE = YES;
				CLANG_WARN_UNGUARDED_AVAILABILITY = YES_AGGRESSIVE;
				CLANG_WARN_UNREACHABLE_CODE = YES;
				CLANG_WARN__DUPLICATE_METHOD_MATCH = YES;
				COPY_PHASE_STRIP = NO;
				DEBUG_INFORMATION_FORMAT = "dwarf-with-dsym";
				ENABLE_NS_ASSERTIONS = NO;
				ENABLE_STRICT_OBJC_MSGSEND = YES;
				ENABLE_USER_SCRIPT_SANDBOXING = YES;
				GCC_C_LANGUAGE_STANDARD = gnu17;
				GCC_NO_COMMON_BLOCKS = YES;
				GCC_WARN_64_TO_32_BIT_CONVERSION = YES;
				GCC_WARN_ABOUT_RETURN_TYPE = YES_ERROR;
				GCC_WARN_UNDECLARED_SELECTOR = YES;
				GCC_WARN_UNINITIALIZED_AUTOS = YES_AGGRESSIVE;
				GCC_WARN_UNUSED_FUNCTION = YES;
				GCC_WARN_UNUSED_VARIABLE = YES;
				IPHONEOS_DEPLOYMENT_TARGET = 17.2;
				LOCALIZATION_PREFERS_STRING_CATALOGS = YES;
				MTL_ENABLE_DEBUG_INFO = NO;
				MTL_FAST_MATH = YES;
				SDKROOT = iphoneos;
				SWIFT_COMPILATION_MODE = wholemodule;
				VALIDATE_PRODUCT = YES;
			};
			name = Release;
		};
		5C3024FF2CE6F0E400DB4D9D /* Debug */ = {
			isa = XCBuildConfiguration;
			buildSettings = {
				ASSETCATALOG_COMPILER_APPICON_NAME = AppIcon;
				ASSETCATALOG_COMPILER_GLOBAL_ACCENT_COLOR_NAME = AccentColor;
				CODE_SIGN_STYLE = Automatic;
				CURRENT_PROJECT_VERSION = 1;
				DEVELOPMENT_ASSET_PATHS = "\"Assignment-4-suhryan/Preview Content\"";
				ENABLE_PREVIEWS = YES;
				GENERATE_INFOPLIST_FILE = YES;
				INFOPLIST_KEY_UIApplicationSceneManifest_Generation = YES;
				INFOPLIST_KEY_UIApplicationSupportsIndirectInputEvents = YES;
				INFOPLIST_KEY_UILaunchScreen_Generation = YES;
				INFOPLIST_KEY_UISupportedInterfaceOrientations_iPad = "UIInterfaceOrientationPortrait UIInterfaceOrientationPortraitUpsideDown UIInterfaceOrientationLandscapeLeft UIInterfaceOrientationLandscapeRight";
				INFOPLIST_KEY_UISupportedInterfaceOrientations_iPhone = "UIInterfaceOrientationPortrait UIInterfaceOrientationLandscapeLeft UIInterfaceOrientationLandscapeRight";
				LD_RUNPATH_SEARCH_PATHS = (
					"$(inherited)",
					"@executable_path/Frameworks",
				);
				MARKETING_VERSION = 1.0;
				PRODUCT_BUNDLE_IDENTIFIER = "edu.auburn.online.rzs0162.Assignment-4-suhryan";
				PRODUCT_NAME = "$(TARGET_NAME)";
				SWIFT_EMIT_LOC_STRINGS = YES;
				SWIFT_VERSION = 5.0;
				TARGETED_DEVICE_FAMILY = "1,2";
			};
			name = Debug;
		};
		5C3025002CE6F0E400DB4D9D /* Release */ = {
			isa = XCBuildConfiguration;
			buildSettings = {
				ASSETCATALOG_COMPILER_APPICON_NAME = AppIcon;
				ASSETCATALOG_COMPILER_GLOBAL_ACCENT_COLOR_NAME = AccentColor;
				CODE_SIGN_STYLE = Automatic;
				CURRENT_PROJECT_VERSION = 1;
				DEVELOPMENT_ASSET_PATHS = "\"Assignment-4-suhryan/Preview Content\"";
				ENABLE_PREVIEWS = YES;
				GENERATE_INFOPLIST_FILE = YES;
				INFOPLIST_KEY_UIApplicationSceneManifest_Generation = YES;
				INFOPLIST_KEY_UIApplicationSupportsIndirectInputEvents = YES;
				INFOPLIST_KEY_UILaunchScreen_Generation = YES;
				INFOPLIST_KEY_UISupportedInterfaceOrientations_iPad = "UIInterfaceOrientationPortrait UIInterfaceOrientationPortraitUpsideDown UIInterfaceOrientationLandscapeLeft UIInterfaceOrientationLandscapeRight";
				INFOPLIST_KEY_UISupportedInterfaceOrientations_iPhone = "UIInterfaceOrientationPortrait UIInterfaceOrientationLandscapeLeft UIInterfaceOrientationLandscapeRight";
				LD_RUNPATH_SEARCH_PATHS = (
					"$(inherited)",
					"@executable_path/Frameworks",
				);
				MARKETING_VERSION = 1.0;
				PRODUCT_BUNDLE_IDENTIFIER = "edu.auburn.online.rzs0162.Assignment-4-suhryan";
				PRODUCT_NAME = "$(TARGET_NAME)";
				SWIFT_EMIT_LOC_STRINGS = YES;
				SWIFT_VERSION = 5.0;
				TARGETED_DEVICE_FAMILY = "1,2";
			};
			name = Release;
		};
/* End XCBuildConfiguration section */

/* Begin XCConfigurationList section */
		5C3024EB2CE6F0D600DB4D9D /* Build configuration list for PBXProject "Assignment-4-suhryan" */ = {
			isa = XCConfigurationList;
			buildConfigurations = (
				5C3024FC2CE6F0E400DB4D9D /* Debug */,
				5C3024FD2CE6F0E400DB4D9D /* Release */,
			);
			defaultConfigurationIsVisible = 0;
			defaultConfigurationName = Release;
		};
		5C3024FE2CE6F0E400DB4D9D /* Build configuration list for PBXNativeTarget "Assignment-4-suhryan" */ = {
			isa = XCConfigurationList;
			buildConfigurations = (
				5C3024FF2CE6F0E400DB4D9D /* Debug */,
				5C3025002CE6F0E400DB4D9D /* Release */,
			);
			defaultConfigurationIsVisible = 0;
			defaultConfigurationName = Release;
		};
/* End XCConfigurationList section */

/* Begin XCRemoteSwiftPackageReference section */
		5C3025032CE6F6F800DB4D9D /* XCRemoteSwiftPackageReference "firebase-ios-sdk" */ = {
			isa = XCRemoteSwiftPackageReference;
			repositoryURL = "https://github.com/firebase/firebase-ios-sdk";
			requirement = {
				kind = upToNextMajorVersion;
				minimumVersion = 11.5.0;
			};
		};
/* End XCRemoteSwiftPackageReference section */

/* Begin XCSwiftPackageProductDependency section */
		5C3025042CE6F6F800DB4D9D /* FirebaseAnalytics */ = {
			isa = XCSwiftPackageProductDependency;
			package = 5C3025032CE6F6F800DB4D9D /* XCRemoteSwiftPackageReference "firebase-ios-sdk" */;
			productName = FirebaseAnalytics;
		};
		5C3025062CE6F6F800DB4D9D /* FirebaseCore */ = {
			isa = XCSwiftPackageProductDependency;
			package = 5C3025032CE6F6F800DB4D9D /* XCRemoteSwiftPackageReference "firebase-ios-sdk" */;
			productName = FirebaseCore;
		};
		5C3025082CE6F6F800DB4D9D /* FirebaseFirestore */ = {
			isa = XCSwiftPackageProductDependency;
			package = 5C3025032CE6F6F800DB4D9D /* XCRemoteSwiftPackageReference "firebase-ios-sdk" */;
			productName = FirebaseFirestore;
		};
		5CB2AD042CE6FE4900923711 /* FirebaseAnalytics */ = {
			isa = XCSwiftPackageProductDependency;
			package = 5C3025032CE6F6F800DB4D9D /* XCRemoteSwiftPackageReference "firebase-ios-sdk" */;
			productName = FirebaseAnalytics;
		};
		5CB2AD062CE6FE4900923711 /* FirebaseAnalyticsOnDeviceConversion */ = {
			isa = XCSwiftPackageProductDependency;
			package = 5C3025032CE6F6F800DB4D9D /* XCRemoteSwiftPackageReference "firebase-ios-sdk" */;
			productName = FirebaseAnalyticsOnDeviceConversion;
		};
		5CB2AD082CE6FE4900923711 /* FirebaseAnalyticsWithoutAdIdSupport */ = {
			isa = XCSwiftPackageProductDependency;
			package = 5C3025032CE6F6F800DB4D9D /* XCRemoteSwiftPackageReference "firebase-ios-sdk" */;
			productName = FirebaseAnalyticsWithoutAdIdSupport;
		};
		5CB2AD0A2CE6FE4900923711 /* FirebaseAppCheck */ = {
			isa = XCSwiftPackageProductDependency;
			package = 5C3025032CE6F6F800DB4D9D /* XCRemoteSwiftPackageReference "firebase-ios-sdk" */;
			productName = FirebaseAppCheck;
		};
		5CB2AD0C2CE6FE4900923711 /* FirebaseAppDistribution-Beta */ = {
			isa = XCSwiftPackageProductDependency;
			package = 5C3025032CE6F6F800DB4D9D /* XCRemoteSwiftPackageReference "firebase-ios-sdk" */;
			productName = "FirebaseAppDistribution-Beta";
		};
		5CB2AD0E2CE6FE4900923711 /* FirebaseAuth */ = {
			isa = XCSwiftPackageProductDependency;
			package = 5C3025032CE6F6F800DB4D9D /* XCRemoteSwiftPackageReference "firebase-ios-sdk" */;
			productName = FirebaseAuth;
		};
		5CB2AD102CE6FE4900923711 /* FirebaseAuthCombine-Community */ = {
			isa = XCSwiftPackageProductDependency;
			package = 5C3025032CE6F6F800DB4D9D /* XCRemoteSwiftPackageReference "firebase-ios-sdk" */;
			productName = "FirebaseAuthCombine-Community";
		};
		5CB2AD122CE6FE4900923711 /* FirebaseCore */ = {
			isa = XCSwiftPackageProductDependency;
			package = 5C3025032CE6F6F800DB4D9D /* XCRemoteSwiftPackageReference "firebase-ios-sdk" */;
			productName = FirebaseCore;
		};
		5CB2AD142CE6FE4900923711 /* FirebaseCrashlytics */ = {
			isa = XCSwiftPackageProductDependency;
			package = 5C3025032CE6F6F800DB4D9D /* XCRemoteSwiftPackageReference "firebase-ios-sdk" */;
			productName = FirebaseCrashlytics;
		};
		5CB2AD162CE6FE4900923711 /* FirebaseDatabase */ = {
			isa = XCSwiftPackageProductDependency;
			package = 5C3025032CE6F6F800DB4D9D /* XCRemoteSwiftPackageReference "firebase-ios-sdk" */;
			productName = FirebaseDatabase;
		};
		5CB2AD182CE6FE4900923711 /* FirebaseDynamicLinks */ = {
			isa = XCSwiftPackageProductDependency;
			package = 5C3025032CE6F6F800DB4D9D /* XCRemoteSwiftPackageReference "firebase-ios-sdk" */;
			productName = FirebaseDynamicLinks;
		};
		5CB2AD1A2CE6FE4900923711 /* FirebaseFirestore */ = {
			isa = XCSwiftPackageProductDependency;
			package = 5C3025032CE6F6F800DB4D9D /* XCRemoteSwiftPackageReference "firebase-ios-sdk" */;
			productName = FirebaseFirestore;
		};
		5CB2AD1C2CE6FE4900923711 /* FirebaseFirestoreCombine-Community */ = {
			isa = XCSwiftPackageProductDependency;
			package = 5C3025032CE6F6F800DB4D9D /* XCRemoteSwiftPackageReference "firebase-ios-sdk" */;
			productName = "FirebaseFirestoreCombine-Community";
		};
		5CB2AD1E2CE6FE4900923711 /* FirebaseFunctions */ = {
			isa = XCSwiftPackageProductDependency;
			package = 5C3025032CE6F6F800DB4D9D /* XCRemoteSwiftPackageReference "firebase-ios-sdk" */;
			productName = FirebaseFunctions;
		};
		5CB2AD202CE6FE4900923711 /* FirebaseFunctionsCombine-Community */ = {
			isa = XCSwiftPackageProductDependency;
			package = 5C3025032CE6F6F800DB4D9D /* XCRemoteSwiftPackageReference "firebase-ios-sdk" */;
			productName = "FirebaseFunctionsCombine-Community";
		};
		5CB2AD222CE6FE4900923711 /* FirebaseInAppMessaging-Beta */ = {
			isa = XCSwiftPackageProductDependency;
			package = 5C3025032CE6F6F800DB4D9D /* XCRemoteSwiftPackageReference "firebase-ios-sdk" */;
			productName = "FirebaseInAppMessaging-Beta";
		};
		5CB2AD242CE6FE4900923711 /* FirebaseInstallations */ = {
			isa = XCSwiftPackageProductDependency;
			package = 5C3025032CE6F6F800DB4D9D /* XCRemoteSwiftPackageReference "firebase-ios-sdk" */;
			productName = FirebaseInstallations;
		};
		5CB2AD262CE6FE4900923711 /* FirebaseMLModelDownloader */ = {
			isa = XCSwiftPackageProductDependency;
			package = 5C3025032CE6F6F800DB4D9D /* XCRemoteSwiftPackageReference "firebase-ios-sdk" */;
			productName = FirebaseMLModelDownloader;
		};
		5CB2AD282CE6FE4900923711 /* FirebaseMessaging */ = {
			isa = XCSwiftPackageProductDependency;
			package = 5C3025032CE6F6F800DB4D9D /* XCRemoteSwiftPackageReference "firebase-ios-sdk" */;
			productName = FirebaseMessaging;
		};
		5CB2AD2A2CE7006D00923711 /* FirebaseAnalytics */ = {
			isa = XCSwiftPackageProductDependency;
			productName = FirebaseAnalytics;
		};
		5CB2AD2C2CE7006D00923711 /* FirebaseAnalyticsOnDeviceConversion */ = {
			isa = XCSwiftPackageProductDependency;
			productName = FirebaseAnalyticsOnDeviceConversion;
		};
		5CB2AD2E2CE7006D00923711 /* FirebaseAnalyticsWithoutAdIdSupport */ = {
			isa = XCSwiftPackageProductDependency;
			productName = FirebaseAnalyticsWithoutAdIdSupport;
		};
		5CB2AD302CE7006D00923711 /* FirebaseAppCheck */ = {
			isa = XCSwiftPackageProductDependency;
			productName = FirebaseAppCheck;
		};
		5CB2AD322CE7006D00923711 /* FirebaseAppDistribution-Beta */ = {
			isa = XCSwiftPackageProductDependency;
			productName = "FirebaseAppDistribution-Beta";
		};
/* End XCSwiftPackageProductDependency section */
	};
	rootObject = 5C3024E82CE6F0D600DB4D9D /* Project object */;
}
